
Microsoft Visual Studio Solution File, Format Version 12.00
# Visual Studio 15
VisualStudioVersion = 15.0.28010.2003
MinimumVisualStudioVersion = 10.0.40219.1
Project("{FAE04EC0-301F-11D3-BF4B-00C04F79EFBC}") = "Digger", "Digger\Digger.csproj", "{09CFA4FA-B4CB-4390-8DF6-77DEA4CD9971}"
EndProject
Project("{FAE04EC0-301F-11D3-BF4B-00C04F79EFBC}") = "Digger.Core", "Digger.Core\Digger.Core.csproj", "{0150026B-0378-490C-BC48-958C61715B7B}"
EndProject
Project("{FAE04EC0-301F-11D3-BF4B-00C04F79EFBC}") = "Digger.Tests", "Digger.Tests\Digger.Tests.csproj", "{24F7E378-8B4C-4747-B7A6-A2D922281F69}"
EndProject
Global
	GlobalSection(SolutionConfigurationPlatforms) = preSolution
		Debug|Any CPU = Debug|Any CPU
		Release|Any CPU = Release|Any CPU
	EndGlobalSection
	GlobalSection(ProjectConfigurationPlatforms) = postSolution
		{09CFA4FA-B4CB-4390-8DF6-77DEA4CD9971}.Debug|Any CPU.ActiveCfg = Debug|Any CPU
		{09CFA4FA-B4CB-4390-8DF6-77DEA4CD9971}.Debug|Any CPU.Build.0 = Debug|Any CPU
		{09CFA4FA-B4CB-4390-8DF6-77DEA4CD9971}.Release|Any CPU.ActiveCfg = Release|Any CPU
		{09CFA4FA-B4CB-4390-8DF6-77DEA4CD9971}.Release|Any CPU.Build.0 = Release|Any CPU
		{0150026B-0378-490C-BC48-958C61715B7B}.Debug|Any CPU.ActiveCfg = Debug|Any CPU
		{0150026B-0378-490C-BC48-958C61715B7B}.Debug|Any CPU.Build.0 = Debug|Any CPU
		{0150026B-0378-490C-BC48-958C61715B7B}.Release|Any CPU.ActiveCfg = Release|Any CPU
		{0150026B-0378-490C-BC48-958C61715B7B}.Release|Any CPU.Build.0 = Release|Any CPU
		{24F7E378-8B4C-4747-B7A6-A2D922281F69}.Debug|Any CPU.ActiveCfg = Debug|Any CPU
		{24F7E378-8B4C-4747-B7A6-A2D922281F69}.Debug|Any CPU.Build.0 = Debug|Any CPU
		{24F7E378-8B4C-4747-B7A6-A2D922281F69}.Release|Any CPU.ActiveCfg = Release|Any CPU
		{24F7E378-8B4C-4747-B7A6-A2D922281F69}.Release|Any CPU.Build.0 = Release|Any CPU
	EndGlobalSection
	GlobalSection(SolutionProperties) = preSolution
		HideSolutionNode = FALSE
	EndGlobalSection
	GlobalSection(ExtensibilityGlobals) = postSolution
		SolutionGuid = {5D669801-830B-447C-A632-505214E12002}
	EndGlobalSection
EndGlobal
